
Microsoft Visual Studio Solution File, Format Version 12.00
# Visual Studio Version 17
VisualStudioVersion = 17.0.31919.166
MinimumVisualStudioVersion = 10.0.40219.1
Project("{8BC9CEB8-8B4A-11D0-8D11-00A0C91BC942}") = "Chapter12", "Chapter12\Chapter12.vcxproj", "{6D45B8C1-2C50-4ED9-931D-146EB8F15D09}"
EndProject
Project("{2150E333-8FDC-42A3-9474-1A3956D46DE8}") = "Solution Items", "Solution Items", "{69074905-CD65-472E-AAF2-3BF88C30EEC5}"
	ProjectSection(SolutionItems) = preProject
		README.txt = README.txt
	EndProjectSection
EndProject
Project("{8BC9CEB8-8B4A-11D0-8D11-00A0C91BC942}") = "Chapter13", "Chapter13\Chapter13.vcxproj", "{4A26C782-6B27-4485-BAB2-5B02554BD39C}"
EndProject
Project("{8BC9CEB8-8B4A-11D0-8D11-00A0C91BC942}") = "Chapter14", "Chapter14\Chapter14.vcxproj", "{9591E49D-9038-48EE-B7A5-8E948106C84F}"
EndProject
Project("{8BC9CEB8-8B4A-11D0-8D11-00A0C91BC942}") = "Chapter15", "Chapter15\Chapter15.vcxproj", "{DD076FA5-69D6-4090-99D5-0AD295DE9E31}"
EndProject
Project("{8BC9CEB8-8B4A-11D0-8D11-00A0C91BC942}") = "Chapter16", "Chapter16\Chapter16.vcxproj", "{600D0F0E-E830-4B4C-895E-088717A9D839}"
EndProject
Project("{8BC9CEB8-8B4A-11D0-8D11-00A0C91BC942}") = "Chapter17", "Chapter17\Chapter17.vcxproj", "{EA16864F-2482-44E2-9AB6-A3FEA8AA411E}"
EndProject
Project("{8BC9CEB8-8B4A-11D0-8D11-00A0C91BC942}") = "Chapter18", "Chapter18\Chapter18.vcxproj", "{21D14043-5318-4281-A28C-4695D68699D9}"
EndProject
Project("{8BC9CEB8-8B4A-11D0-8D11-00A0C91BC942}") = "Chapter19", "Chapter19\Chapter19.vcxproj", "{24FD01D9-2F44-4FCC-A596-600DECFD63B4}"
EndProject
Project("{8BC9CEB8-8B4A-11D0-8D11-00A0C91BC942}") = "Chapter20", "Chapter20\Chapter20.vcxproj", "{B0D85589-A070-4C57-9FBC-9DDF66426048}"
EndProject
Project("{8BC9CEB8-8B4A-11D0-8D11-00A0C91BC942}") = "Chapter21", "Chapter21\Chapter21.vcxproj", "{042B5218-0822-4EEF-B715-8DC0EFED622D}"
EndProject
Project("{8BC9CEB8-8B4A-11D0-8D11-00A0C91BC942}") = "Chapter23", "Chapter23\Chapter23.vcxproj", "{91AC8AD5-5923-4055-A7ED-EF5B8BD5E000}"
EndProject
Project("{8BC9CEB8-8B4A-11D0-8D11-00A0C91BC942}") = "Chapter24", "Chapter24\Chapter24.vcxproj", "{0EE3ED2C-C00A-4511-8ABA-0795E52C7C49}"
EndProject
Project("{8BC9CEB8-8B4A-11D0-8D11-00A0C91BC942}") = "Chapter25", "Chapter25\Chapter25.vcxproj", "{9BD51319-802E-4251-B5BA-D673043BB88E}"
EndProject
Global
	GlobalSection(SolutionConfigurationPlatforms) = preSolution
		Debug|x64 = Debug|x64
		Debug|x86 = Debug|x86
		Release|x64 = Release|x64
		Release|x86 = Release|x86
	EndGlobalSection
	GlobalSection(ProjectConfigurationPlatforms) = postSolution
		{6D45B8C1-2C50-4ED9-931D-146EB8F15D09}.Debug|x64.ActiveCfg = Debug|x64
		{6D45B8C1-2C50-4ED9-931D-146EB8F15D09}.Debug|x64.Build.0 = Debug|x64
		{6D45B8C1-2C50-4ED9-931D-146EB8F15D09}.Debug|x86.ActiveCfg = Debug|Win32
		{6D45B8C1-2C50-4ED9-931D-146EB8F15D09}.Debug|x86.Build.0 = Debug|Win32
		{6D45B8C1-2C50-4ED9-931D-146EB8F15D09}.Release|x64.ActiveCfg = Release|x64
		{6D45B8C1-2C50-4ED9-931D-146EB8F15D09}.Release|x64.Build.0 = Release|x64
		{6D45B8C1-2C50-4ED9-931D-146EB8F15D09}.Release|x86.ActiveCfg = Release|Win32
		{6D45B8C1-2C50-4ED9-931D-146EB8F15D09}.Release|x86.Build.0 = Release|Win32
		{4A26C782-6B27-4485-BAB2-5B02554BD39C}.Debug|x64.ActiveCfg = Debug|x64
		{4A26C782-6B27-4485-BAB2-5B02554BD39C}.Debug|x64.Build.0 = Debug|x64
		{4A26C782-6B27-4485-BAB2-5B02554BD39C}.Debug|x86.ActiveCfg = Debug|Win32
		{4A26C782-6B27-4485-BAB2-5B02554BD39C}.Debug|x86.Build.0 = Debug|Win32
		{4A26C782-6B27-4485-BAB2-5B02554BD39C}.Release|x64.ActiveCfg = Release|x64
		{4A26C782-6B27-4485-BAB2-5B02554BD39C}.Release|x64.Build.0 = Release|x64
		{4A26C782-6B27-4485-BAB2-5B02554BD39C}.Release|x86.ActiveCfg = Release|Win32
		{4A26C782-6B27-4485-BAB2-5B02554BD39C}.Release|x86.Build.0 = Release|Win32
		{9591E49D-9038-48EE-B7A5-8E948106C84F}.Debug|x64.ActiveCfg = Debug|x64
		{9591E49D-9038-48EE-B7A5-8E948106C84F}.Debug|x64.Build.0 = Debug|x64
		{9591E49D-9038-48EE-B7A5-8E948106C84F}.Debug|x86.ActiveCfg = Debug|Win32
		{9591E49D-9038-48EE-B7A5-8E948106C84F}.Debug|x86.Build.0 = Debug|Win32
		{9591E49D-9038-48EE-B7A5-8E948106C84F}.Release|x64.ActiveCfg = Release|x64
		{9591E49D-9038-48EE-B7A5-8E948106C84F}.Release|x64.Build.0 = Release|x64
		{9591E49D-9038-48EE-B7A5-8E948106C84F}.Release|x86.ActiveCfg = Release|Win32
		{9591E49D-9038-48EE-B7A5-8E948106C84F}.Release|x86.Build.0 = Release|Win32
		{DD076FA5-69D6-4090-99D5-0AD295DE9E31}.Debug|x64.ActiveCfg = Debug|x64
		{DD076FA5-69D6-4090-99D5-0AD295DE9E31}.Debug|x64.Build.0 = Debug|x64
		{DD076FA5-69D6-4090-99D5-0AD295DE9E31}.Debug|x86.ActiveCfg = Debug|Win32
		{DD076FA5-69D6-4090-99D5-0AD295DE9E31}.Debug|x86.Build.0 = Debug|Win32
		{DD076FA5-69D6-4090-99D5-0AD295DE9E31}.Release|x64.ActiveCfg = Release|x64
		{DD076FA5-69D6-4090-99D5-0AD295DE9E31}.Release|x64.Build.0 = Release|x64
		{DD076FA5-69D6-4090-99D5-0AD295DE9E31}.Release|x86.ActiveCfg = Release|Win32
		{DD076FA5-69D6-4090-99D5-0AD295DE9E31}.Release|x86.Build.0 = Release|Win32
		{600D0F0E-E830-4B4C-895E-088717A9D839}.Debug|x64.ActiveCfg = Debug|x64
		{600D0F0E-E830-4B4C-895E-088717A9D839}.Debug|x64.Build.0 = Debug|x64
		{600D0F0E-E830-4B4C-895E-088717A9D839}.Debug|x86.ActiveCfg = Debug|Win32
		{600D0F0E-E830-4B4C-895E-088717A9D839}.Debug|x86.Build.0 = Debug|Win32
		{600D0F0E-E830-4B4C-895E-088717A9D839}.Release|x64.ActiveCfg = Release|x64
		{600D0F0E-E830-4B4C-895E-088717A9D839}.Release|x64.Build.0 = Release|x64
		{600D0F0E-E830-4B4C-895E-088717A9D839}.Release|x86.ActiveCfg = Release|Win32
		{600D0F0E-E830-4B4C-895E-088717A9D839}.Release|x86.Build.0 = Release|Win32
		{EA16864F-2482-44E2-9AB6-A3FEA8AA411E}.Debug|x64.ActiveCfg = Debug|x64
		{EA16864F-2482-44E2-9AB6-A3FEA8AA411E}.Debug|x64.Build.0 = Debug|x64
		{EA16864F-2482-44E2-9AB6-A3FEA8AA411E}.Debug|x86.ActiveCfg = Debug|Win32
		{EA16864F-2482-44E2-9AB6-A3FEA8AA411E}.Debug|x86.Build.0 = Debug|Win32
		{EA16864F-2482-44E2-9AB6-A3FEA8AA411E}.Release|x64.ActiveCfg = Release|x64
		{EA16864F-2482-44E2-9AB6-A3FEA8AA411E}.Release|x64.Build.0 = Release|x64
		{EA16864F-2482-44E2-9AB6-A3FEA8AA411E}.Release|x86.ActiveCfg = Release|Win32
		{EA16864F-2482-44E2-9AB6-A3FEA8AA411E}.Release|x86.Build.0 = Release|Win32
		{21D14043-5318-4281-A28C-4695D68699D9}.Debug|x64.ActiveCfg = Debug|x64
		{21D14043-5318-4281-A28C-4695D68699D9}.Debug|x64.Build.0 = Debug|x64
		{21D14043-5318-4281-A28C-4695D68699D9}.Debug|x86.ActiveCfg = Debug|Win32
		{21D14043-5318-4281-A28C-4695D68699D9}.Debug|x86.Build.0 = Debug|Win32
		{21D14043-5318-4281-A28C-4695D68699D9}.Release|x64.ActiveCfg = Release|x64
		{21D14043-5318-4281-A28C-4695D68699D9}.Release|x64.Build.0 = Release|x64
		{21D14043-5318-4281-A28C-4695D68699D9}.Release|x86.ActiveCfg = Release|Win32
		{21D14043-5318-4281-A28C-4695D68699D9}.Release|x86.Build.0 = Release|Win32
		{24FD01D9-2F44-4FCC-A596-600DECFD63B4}.Debug|x64.ActiveCfg = Debug|x64
		{24FD01D9-2F44-4FCC-A596-600DECFD63B4}.Debug|x64.Build.0 = Debug|x64
		{24FD01D9-2F44-4FCC-A596-600DECFD63B4}.Debug|x86.ActiveCfg = Debug|Win32
		{24FD01D9-2F44-4FCC-A596-600DECFD63B4}.Debug|x86.Build.0 = Debug|Win32
		{24FD01D9-2F44-4FCC-A596-600DECFD63B4}.Release|x64.ActiveCfg = Release|x64
		{24FD01D9-2F44-4FCC-A596-600DECFD63B4}.Release|x64.Build.0 = Release|x64
		{24FD01D9-2F44-4FCC-A596-600DECFD63B4}.Release|x86.ActiveCfg = Release|Win32
		{24FD01D9-2F44-4FCC-A596-600DECFD63B4}.Release|x86.Build.0 = Release|Win32
		{B0D85589-A070-4C57-9FBC-9DDF66426048}.Debug|x64.ActiveCfg = Debug|x64
		{B0D85589-A070-4C57-9FBC-9DDF66426048}.Debug|x64.Build.0 = Debug|x64
		{B0D85589-A070-4C57-9FBC-9DDF66426048}.Debug|x86.ActiveCfg = Debug|Win32
		{B0D85589-A070-4C57-9FBC-9DDF66426048}.Debug|x86.Build.0 = Debug|Win32
		{B0D85589-A070-4C57-9FBC-9DDF66426048}.Release|x64.ActiveCfg = Release|x64
		{B0D85589-A070-4C57-9FBC-9DDF66426048}.Release|x64.Build.0 = Release|x64
		{B0D85589-A070-4C57-9FBC-9DDF66426048}.Release|x86.ActiveCfg = Release|Win32
		{B0D85589-A070-4C57-9FBC-9DDF66426048}.Release|x86.Build.0 = Release|Win32
		{042B5218-0822-4EEF-B715-8DC0EFED622D}.Debug|x64.ActiveCfg = Debug|x64
		{042B5218-0822-4EEF-B715-8DC0EFED622D}.Debug|x64.Build.0 = Debug|x64
		{042B5218-0822-4EEF-B715-8DC0EFED622D}.Debug|x86.ActiveCfg = Debug|Win32
		{042B5218-0822-4EEF-B715-8DC0EFED622D}.Debug|x86.Build.0 = Debug|Win32
		{042B5218-0822-4EEF-B715-8DC0EFED622D}.Release|x64.ActiveCfg = Release|x64
		{042B5218-0822-4EEF-B715-8DC0EFED622D}.Release|x64.Build.0 = Release|x64
		{042B5218-0822-4EEF-B715-8DC0EFED622D}.Release|x86.ActiveCfg = Release|Win32
		{042B5218-0822-4EEF-B715-8DC0EFED622D}.Release|x86.Build.0 = Release|Win32
		{91AC8AD5-5923-4055-A7ED-EF5B8BD5E000}.Debug|x64.ActiveCfg = Debug|x64
		{91AC8AD5-5923-4055-A7ED-EF5B8BD5E000}.Debug|x64.Build.0 = Debug|x64
		{91AC8AD5-5923-4055-A7ED-EF5B8BD5E000}.Debug|x86.ActiveCfg = Debug|Win32
		{91AC8AD5-5923-4055-A7ED-EF5B8BD5E000}.Debug|x86.Build.0 = Debug|Win32
		{91AC8AD5-5923-4055-A7ED-EF5B8BD5E000}.Release|x64.ActiveCfg = Release|x64
		{91AC8AD5-5923-4055-A7ED-EF5B8BD5E000}.Release|x64.Build.0 = Release|x64
		{91AC8AD5-5923-4055-A7ED-EF5B8BD5E000}.Release|x86.ActiveCfg = Release|Win32
		{91AC8AD5-5923-4055-A7ED-EF5B8BD5E000}.Release|x86.Build.0 = Release|Win32
		{0EE3ED2C-C00A-4511-8ABA-0795E52C7C49}.Debug|x64.ActiveCfg = Debug|x64
		{0EE3ED2C-C00A-4511-8ABA-0795E52C7C49}.Debug|x64.Build.0 = Debug|x64
		{0EE3ED2C-C00A-4511-8ABA-0795E52C7C49}.Debug|x86.ActiveCfg = Debug|Win32
		{0EE3ED2C-C00A-4511-8ABA-0795E52C7C49}.Debug|x86.Build.0 = Debug|Win32
		{0EE3ED2C-C00A-4511-8ABA-0795E52C7C49}.Release|x64.ActiveCfg = Release|x64
		{0EE3ED2C-C00A-4511-8ABA-0795E52C7C49}.Release|x64.Build.0 = Release|x64
		{0EE3ED2C-C00A-4511-8ABA-0795E52C7C49}.Release|x86.ActiveCfg = Release|Win32
		{0EE3ED2C-C00A-4511-8ABA-0795E52C7C49}.Release|x86.Build.0 = Release|Win32
		{9BD51319-802E-4251-B5BA-D673043BB88E}.Debug|x64.ActiveCfg = Debug|x64
		{9BD51319-802E-4251-B5BA-D673043BB88E}.Debug|x64.Build.0 = Debug|x64
		{9BD51319-802E-4251-B5BA-D673043BB88E}.Debug|x86.ActiveCfg = Debug|Win32
		{9BD51319-802E-4251-B5BA-D673043BB88E}.Debug|x86.Build.0 = Debug|Win32
		{9BD51319-802E-4251-B5BA-D673043BB88E}.Release|x64.ActiveCfg = Release|x64
		{9BD51319-802E-4251-B5BA-D673043BB88E}.Release|x64.Build.0 = Release|x64
		{9BD51319-802E-4251-B5BA-D673043BB88E}.Release|x86.ActiveCfg = Release|Win32
		{9BD51319-802E-4251-B5BA-D673043BB88E}.Release|x86.Build.0 = Release|Win32
	EndGlobalSection
	GlobalSection(SolutionProperties) = preSolution
		HideSolutionNode = FALSE
	EndGlobalSection
	GlobalSection(ExtensibilityGlobals) = postSolution
		SolutionGuid = {73184C39-1710-4A99-BFE7-435E3B6A6EB8}
	EndGlobalSection
EndGlobal
